
Microsoft Visual Studio Solution File, Format Version 12.00
# Visual Studio Version 16
VisualStudioVersion = 16.0.31410.357
MinimumVisualStudioVersion = 10.0.40219.1
Project("{2150E333-8FDC-42A3-9474-1A3956D46DE8}") = "Services", "Services", "{E3D538B5-140A-4971-9EEC-E9F5E9DEB6F3}"
EndProject
Project("{2150E333-8FDC-42A3-9474-1A3956D46DE8}") = "Catalog", "Catalog", "{263752BD-DD6D-4164-9D01-CC8519D56E84}"
EndProject
Project("{9A19103F-16F7-4668-BE54-9A1E7A4F7556}") = "Catalog.API", "Services\Catalog\Catalog.API\Catalog.API.csproj", "{30480B48-A697-487C-9B31-D0ED43BDCB58}"
EndProject
Project("{E53339B2-1760-4266-BCC7-CA923CBCF16C}") = "docker-compose", "docker-compose.dcproj", "{28CD9F9C-C719-418F-920D-4A87D127EC23}"
EndProject
Project("{2150E333-8FDC-42A3-9474-1A3956D46DE8}") = "Basket", "Basket", "{A6AD9407-D8F2-4E08-A258-EAE09E791C18}"
EndProject
Project("{9A19103F-16F7-4668-BE54-9A1E7A4F7556}") = "Basket.API", "Services\Basket\Basket.API\Basket.API.csproj", "{34227C7B-F34B-4ADA-9F26-E39AB8DF8C4A}"
EndProject
Project("{2150E333-8FDC-42A3-9474-1A3956D46DE8}") = "Discount", "Discount", "{D3081FB7-8E71-4B94-95BC-C0B6025A46AB}"
EndProject
Project("{9A19103F-16F7-4668-BE54-9A1E7A4F7556}") = "Discount.API", "Services\Discount\Discount.API\Discount.API.csproj", "{3C55E5CD-FB02-4892-9A0A-F2BB461CF817}"
EndProject
Project("{9A19103F-16F7-4668-BE54-9A1E7A4F7556}") = "Discount.Grpc", "Services\Discount\Discount.Grpc\Discount.Grpc.csproj", "{093B55B3-E3F9-4C24-93E3-F8A4E51DEEE1}"
EndProject
Global
	GlobalSection(SolutionConfigurationPlatforms) = preSolution
		Debug|Any CPU = Debug|Any CPU
		Release|Any CPU = Release|Any CPU
	EndGlobalSection
	GlobalSection(ProjectConfigurationPlatforms) = postSolution
		{30480B48-A697-487C-9B31-D0ED43BDCB58}.Debug|Any CPU.ActiveCfg = Debug|Any CPU
		{30480B48-A697-487C-9B31-D0ED43BDCB58}.Debug|Any CPU.Build.0 = Debug|Any CPU
		{30480B48-A697-487C-9B31-D0ED43BDCB58}.Release|Any CPU.ActiveCfg = Release|Any CPU
		{30480B48-A697-487C-9B31-D0ED43BDCB58}.Release|Any CPU.Build.0 = Release|Any CPU
		{28CD9F9C-C719-418F-920D-4A87D127EC23}.Debug|Any CPU.ActiveCfg = Debug|Any CPU
		{28CD9F9C-C719-418F-920D-4A87D127EC23}.Debug|Any CPU.Build.0 = Debug|Any CPU
		{28CD9F9C-C719-418F-920D-4A87D127EC23}.Release|Any CPU.ActiveCfg = Release|Any CPU
		{28CD9F9C-C719-418F-920D-4A87D127EC23}.Release|Any CPU.Build.0 = Release|Any CPU
		{34227C7B-F34B-4ADA-9F26-E39AB8DF8C4A}.Debug|Any CPU.ActiveCfg = Debug|Any CPU
		{34227C7B-F34B-4ADA-9F26-E39AB8DF8C4A}.Debug|Any CPU.Build.0 = Debug|Any CPU
		{34227C7B-F34B-4ADA-9F26-E39AB8DF8C4A}.Release|Any CPU.ActiveCfg = Release|Any CPU
		{34227C7B-F34B-4ADA-9F26-E39AB8DF8C4A}.Release|Any CPU.Build.0 = Release|Any CPU
		{3C55E5CD-FB02-4892-9A0A-F2BB461CF817}.Debug|Any CPU.ActiveCfg = Debug|Any CPU
		{3C55E5CD-FB02-4892-9A0A-F2BB461CF817}.Debug|Any CPU.Build.0 = Debug|Any CPU
		{3C55E5CD-FB02-4892-9A0A-F2BB461CF817}.Release|Any CPU.ActiveCfg = Release|Any CPU
		{3C55E5CD-FB02-4892-9A0A-F2BB461CF817}.Release|Any CPU.Build.0 = Release|Any CPU
		{093B55B3-E3F9-4C24-93E3-F8A4E51DEEE1}.Debug|Any CPU.ActiveCfg = Debug|Any CPU
		{093B55B3-E3F9-4C24-93E3-F8A4E51DEEE1}.Debug|Any CPU.Build.0 = Debug|Any CPU
		{093B55B3-E3F9-4C24-93E3-F8A4E51DEEE1}.Release|Any CPU.ActiveCfg = Release|Any CPU
		{093B55B3-E3F9-4C24-93E3-F8A4E51DEEE1}.Release|Any CPU.Build.0 = Release|Any CPU
	EndGlobalSection
	GlobalSection(SolutionProperties) = preSolution
		HideSolutionNode = FALSE
	EndGlobalSection
	GlobalSection(NestedProjects) = preSolution
		{263752BD-DD6D-4164-9D01-CC8519D56E84} = {E3D538B5-140A-4971-9EEC-E9F5E9DEB6F3}
		{30480B48-A697-487C-9B31-D0ED43BDCB58} = {263752BD-DD6D-4164-9D01-CC8519D56E84}
		{A6AD9407-D8F2-4E08-A258-EAE09E791C18} = {E3D538B5-140A-4971-9EEC-E9F5E9DEB6F3}
		{34227C7B-F34B-4ADA-9F26-E39AB8DF8C4A} = {A6AD9407-D8F2-4E08-A258-EAE09E791C18}
		{D3081FB7-8E71-4B94-95BC-C0B6025A46AB} = {E3D538B5-140A-4971-9EEC-E9F5E9DEB6F3}
		{3C55E5CD-FB02-4892-9A0A-F2BB461CF817} = {D3081FB7-8E71-4B94-95BC-C0B6025A46AB}
		{093B55B3-E3F9-4C24-93E3-F8A4E51DEEE1} = {D3081FB7-8E71-4B94-95BC-C0B6025A46AB}
	EndGlobalSection
	GlobalSection(ExtensibilityGlobals) = postSolution
		SolutionGuid = {A353448F-E2A2-490F-970A-249DC17B10D9}
	EndGlobalSection
EndGlobal
